
Microsoft Visual Studio Solution File, Format Version 12.00
# Visual Studio Version 17
VisualStudioVersion = 17.6.33417.168
MinimumVisualStudioVersion = 10.0.40219.1
Project("{FAE04EC0-301F-11D3-BF4B-00C04F79EFBC}") = "EmbeddedSourceTest", "EmbeddedSourceTest\EmbeddedSourceTest.csproj", "{3BC551D1-FD82-4C98-94A4-0A5152ACAC48}"
EndProject
Global
	GlobalSection(SolutionConfigurationPlatforms) = preSolution
		Debug|Any CPU = Debug|Any CPU
		Release|Any CPU = Release|Any CPU
	EndGlobalSection
	GlobalSection(ProjectConfigurationPlatforms) = postSolution
		{3BC551D1-FD82-4C98-94A4-0A5152ACAC48}.Debug|Any CPU.ActiveCfg = Debug|Any CPU
		{3BC551D1-FD82-4C98-94A4-0A5152ACAC48}.Debug|Any CPU.Build.0 = Debug|Any CPU
		{3BC551D1-FD82-4C98-94A4-0A5152ACAC48}.Release|Any CPU.ActiveCfg = Release|Any CPU
		{3BC551D1-FD82-4C98-94A4-0A5152ACAC48}.Release|Any CPU.Build.0 = Release|Any CPU
	EndGlobalSection
	GlobalSection(SolutionProperties) = preSolution
		HideSolutionNode = FALSE
	EndGlobalSection
	GlobalSection(ExtensibilityGlobals) = postSolution
		SolutionGuid = {282F2828-FD66-4E54-962B-425832BEDA3D}
	EndGlobalSection
EndGlobal
